
Microsoft Visual Studio Solution File, Format Version 12.00
# Visual Studio Version 16
VisualStudioVersion = 16.0.29728.190
MinimumVisualStudioVersion = 10.0.40219.1
Project("{FAE04EC0-301F-11D3-BF4B-00C04F79EFBC}") = "ImageGallery", "ImageGallery\ImageGallery.csproj", "{1350957C-8031-498B-B483-AAF671E4DD85}"
EndProject
Project("{FAE04EC0-301F-11D3-BF4B-00C04F79EFBC}") = "ImageGallary.Data", "ImageGallary.Data\ImageGallary.Data.csproj", "{80736F0E-B257-4637-BB44-B799855A2D13}"
EndProject
Global
	GlobalSection(SolutionConfigurationPlatforms) = preSolution
		Debug|Any CPU = Debug|Any CPU
		Release|Any CPU = Release|Any CPU
	EndGlobalSection
	GlobalSection(ProjectConfigurationPlatforms) = postSolution
		{1350957C-8031-498B-B483-AAF671E4DD85}.Debug|Any CPU.ActiveCfg = Debug|Any CPU
		{1350957C-8031-498B-B483-AAF671E4DD85}.Debug|Any CPU.Build.0 = Debug|Any CPU
		{1350957C-8031-498B-B483-AAF671E4DD85}.Release|Any CPU.ActiveCfg = Release|Any CPU
		{1350957C-8031-498B-B483-AAF671E4DD85}.Release|Any CPU.Build.0 = Release|Any CPU
		{80736F0E-B257-4637-BB44-B799855A2D13}.Debug|Any CPU.ActiveCfg = Debug|Any CPU
		{80736F0E-B257-4637-BB44-B799855A2D13}.Debug|Any CPU.Build.0 = Debug|Any CPU
		{80736F0E-B257-4637-BB44-B799855A2D13}.Release|Any CPU.ActiveCfg = Release|Any CPU
		{80736F0E-B257-4637-BB44-B799855A2D13}.Release|Any CPU.Build.0 = Release|Any CPU
	EndGlobalSection
	GlobalSection(SolutionProperties) = preSolution
		HideSolutionNode = FALSE
	EndGlobalSection
	GlobalSection(ExtensibilityGlobals) = postSolution
		SolutionGuid = {12181DA8-6A8F-4AD0-803F-16E5AF3B1BF5}
	EndGlobalSection
EndGlobal
